{
  "name": "ableton-push2",
  "version": "0.0.2",
  "lockfileVersion": 1,
  "requires": true,
  "dependencies": {
    "bindings": {
      "version": "1.2.1",
      "resolved": "https://registry.npmjs.org/bindings/-/bindings-1.2.1.tgz",
      "integrity": "sha1-FK1hE4EtLTfXLme0ystLtyZQXxE="
    },
    "easymidi": {
      "version": "0.0.3",
      "resolved": "https://registry.npmjs.org/easymidi/-/easymidi-0.0.3.tgz",
      "integrity": "sha512-RosqF9wSDa6rJci8WSXlHduefUA6EN3wGp29F6K05dNPYP4JVEOFG5hCybCg2Da0u/Ocj3Sscer/vtajKzrOQQ==",
      "requires": {
        "midi": "0.9.5"
      }
    },
    "midi": {
      "version": "0.9.5",
      "resolved": "https://registry.npmjs.org/midi/-/midi-0.9.5.tgz",
      "integrity": "sha1-/DI6/z6BsNQJnK7q1TW6Z5xunYg=",
      "requires": {
        "bindings": "1.2.1",
        "nan": "2.7.0"
      }
    },
    "nan": {
      "version": "2.7.0",
      "resolved": "https://registry.npmjs.org/nan/-/nan-2.7.0.tgz",
      "integrity": "sha1-2Vv3IeyHfgjbJ27T/G63j5CDrUY="
    }
  }
}
