{
  "name": "push2node",
  "version": "0.0.0",
  "lockfileVersion": 1,
  "requires": true,
  "dependencies": {
    "bindings": {
      "version": "1.2.1",
      "resolved": "https://registry.npmjs.org/bindings/-/bindings-1.2.1.tgz",
      "integrity": "sha1-FK1hE4EtLTfXLme0ystLtyZQXxE="
    },
    "midi": {
      "version": "0.9.5",
      "resolved": "https://registry.npmjs.org/midi/-/midi-0.9.5.tgz",
      "integrity": "sha1-/DI6/z6BsNQJnK7q1TW6Z5xunYg=",
      "requires": {
        "bindings": "1.2.1",
        "nan": "2.7.0"
      }
    },
    "midi-stream": {
      "version": "1.3.2",
      "resolved": "https://registry.npmjs.org/midi-stream/-/midi-stream-1.3.2.tgz",
      "integrity": "sha1-dwjhV0u8z7L9Sa396Reh8dRh24I=",
      "requires": {
        "midi": "0.9.5",
        "through": "2.3.8",
        "web-midi": "2.0.1"
      }
    },
    "nan": {
      "version": "2.7.0",
      "resolved": "https://registry.npmjs.org/nan/-/nan-2.7.0.tgz",
      "integrity": "sha1-2Vv3IeyHfgjbJ27T/G63j5CDrUY="
    },
    "through": {
      "version": "2.3.8",
      "resolved": "https://registry.npmjs.org/through/-/through-2.3.8.tgz",
      "integrity": "sha1-DdTJ/6q8NXlgsbckEV1+Doai4fU="
    },
    "web-midi": {
      "version": "2.0.1",
      "resolved": "https://registry.npmjs.org/web-midi/-/web-midi-2.0.1.tgz",
      "integrity": "sha1-MwDfPuBA1FjY/M1DaPGUBHku1+k="
    }
  }
}
